
Microsoft Visual Studio Solution File, Format Version 12.00
# Visual Studio Version 17
VisualStudioVersion = 17.1.32319.34
MinimumVisualStudioVersion = 10.0.40219.1
Project("{FAE04EC0-301F-11D3-BF4B-00C04F79EFBC}") = "WinFormsMVP", "WinFormsMVP\WinFormsMVP.csproj", "{17B18111-C0F4-45CE-8CD3-197A0A37AD84}"
EndProject
Global
	GlobalSection(SolutionConfigurationPlatforms) = preSolution
		Debug|Any CPU = Debug|Any CPU
		Release|Any CPU = Release|Any CPU
	EndGlobalSection
	GlobalSection(ProjectConfigurationPlatforms) = postSolution
		{17B18111-C0F4-45CE-8CD3-197A0A37AD84}.Debug|Any CPU.ActiveCfg = Debug|Any CPU
		{17B18111-C0F4-45CE-8CD3-197A0A37AD84}.Debug|Any CPU.Build.0 = Debug|Any CPU
		{17B18111-C0F4-45CE-8CD3-197A0A37AD84}.Release|Any CPU.ActiveCfg = Release|Any CPU
		{17B18111-C0F4-45CE-8CD3-197A0A37AD84}.Release|Any CPU.Build.0 = Release|Any CPU
	EndGlobalSection
	GlobalSection(SolutionProperties) = preSolution
		HideSolutionNode = FALSE
	EndGlobalSection
	GlobalSection(ExtensibilityGlobals) = postSolution
		SolutionGuid = {D56AE214-E608-4DFB-B153-458E503BE0C2}
	EndGlobalSection
EndGlobal
